<?xml version="1.0" encoding="utf-8"?>
<Project ToolsVersion="4.0" xmlns="http://schemas.microsoft.com/developer/msbuild/2003">
  <ItemGroup>
    <Filter Include="Source Files">
      <UniqueIdentifier>{4FC737F1-C7A5-4376-A066-2A32D752A2FF}</UniqueIdentifier>
      <Extensions>cpp;c;cc;cxx;def;odl;idl;hpj;bat;asm;asmx</Extensions>
    </Filter>
    <Filter Include="Header Files">
      <UniqueIdentifier>{93995380-89BD-4b04-88EB-625FBE52EBFB}</UniqueIdentifier>
      <Extensions>h;hpp;hxx;hm;inl;inc;xsd</Extensions>
    </Filter>
    <Filter Include="Header Files\Common">
      <UniqueIdentifier>{54ba2aaf-1167-42a2-a5a2-3b74112be1bd}</UniqueIdentifier>
    </Filter>
    <Filter Include="Header Files\Blokus">
      <UniqueIdentifier>{440fefee-1773-4b4d-a898-3f77bbb1ff20}</UniqueIdentifier>
    </Filter>
    <Filter Include="Header Files\Managers">
      <UniqueIdentifier>{c81006fd-edfc-4132-a853-8e701e0105b7}</UniqueIdentifier>
    </Filter>
    <Filter Include="Header Files\States">
      <UniqueIdentifier>{6fa8bd14-09d5-43c0-a5e8-4e68e87942ff}</UniqueIdentifier>
    </Filter>
    <Filter Include="Header Files\Features">
      <UniqueIdentifier>{f97c2cd0-f9c5-43f3-be97-f54ae1de3d6b}</UniqueIdentifier>
    </Filter>
    <Filter Include="Header Files\Utility">
      <UniqueIdentifier>{1f76bd68-bca4-43fd-9a95-e5eb378704e6}</UniqueIdentifier>
    </Filter>
    <Filter Include="Resource Files">
      <UniqueIdentifier>{67DA6AB6-F800-4c08-8B7A-83BB121AAD01}</UniqueIdentifier>
      <Extensions>rc;ico;cur;bmp;dlg;rc2;rct;bin;rgs;gif;jpg;jpeg;jpe;resx;tiff;tif;png;wav</Extensions>
    </Filter>
    <Filter Include="Source Files\blokus">
      <UniqueIdentifier>{d6728c92-af41-44c9-923f-eec35a0f3379}</UniqueIdentifier>
    </Filter>
    <Filter Include="Source Files\common">
      <UniqueIdentifier>{2da615d0-1ca7-4339-89f4-5f12aca0f9c5}</UniqueIdentifier>
    </Filter>
    <Filter Include="Source Files\features">
      <UniqueIdentifier>{f7c2efc4-1549-41ac-9eed-21646d8f0c27}</UniqueIdentifier>
    </Filter>
    <Filter Include="Source Files\managers">
      <UniqueIdentifier>{d34278e8-d3d3-4ea7-a343-731c1af77e9b}</UniqueIdentifier>
    </Filter>
    <Filter Include="Source Files\states">
      <UniqueIdentifier>{29a88231-4ce1-4191-ad6e-7d99cfc2faf5}</UniqueIdentifier>
    </Filter>
    <Filter Include="Source Files\utilities">
      <UniqueIdentifier>{b46f6c82-f339-4536-9cfc-15ea9b44e523}</UniqueIdentifier>
    </Filter>
  </ItemGroup>
  <ItemGroup>
    <ClInclude Include="include\BlokiWindow.h">
      <Filter>Header Files</Filter>
    </ClInclude>
    <ClInclude Include="include\Renderer.h">
      <Filter>Header Files</Filter>
    </ClInclude>
    <ClInclude Include="include\resources.h">
      <Filter>Header Files</Filter>
    </ClInclude>
    <ClInclude Include="include\Utility.h">
      <Filter>Header Files</Filter>
    </ClInclude>
    <ClInclude Include="include\BlokiFactory.h">
      <Filter>Header Files\Blokus</Filter>
    </ClInclude>
    <ClInclude Include="include\BlokiManager.h">
      <Filter>Header Files\Blokus</Filter>
    </ClInclude>
    <ClInclude Include="include\Blokus.h">
      <Filter>Header Files\Blokus</Filter>
    </ClInclude>
    <ClInclude Include="include\BlokusMatrix.h">
      <Filter>Header Files\Blokus</Filter>
    </ClInclude>
    <ClInclude Include="include\NextBlokus.h">
      <Filter>Header Files\Blokus</Filter>
    </ClInclude>
    <ClInclude Include="include\Exception.h">
      <Filter>Header Files\Common</Filter>
    </ClInclude>
    <ClInclude Include="include\Input.h">
      <Filter>Header Files\Common</Filter>
    </ClInclude>
    <ClInclude Include="include\Log.h">
      <Filter>Header Files\Common</Filter>
    </ClInclude>
    <ClInclude Include="include\Ludos.h">
      <Filter>Header Files\Common</Filter>
    </ClInclude>
    <ClInclude Include="include\Window.h">
      <Filter>Header Files\Common</Filter>
    </ClInclude>
    <ClInclude Include="include\Baro.h">
      <Filter>Header Files\Features</Filter>
    </ClInclude>
    <ClInclude Include="include\Score.h">
      <Filter>Header Files\Features</Filter>
    </ClInclude>
    <ClInclude Include="include\GUIManager.h">
      <Filter>Header Files\Managers</Filter>
    </ClInclude>
    <ClInclude Include="include\StateManager.h">
      <Filter>Header Files\Managers</Filter>
    </ClInclude>
    <ClInclude Include="include\ShowHighscoresState.h">
      <Filter>Header Files\States</Filter>
    </ClInclude>
    <ClInclude Include="include\GameState.h">
      <Filter>Header Files\States</Filter>
    </ClInclude>
    <ClInclude Include="include\MainState.h">
      <Filter>Header Files\States</Filter>
    </ClInclude>
    <ClInclude Include="include\HighscoresState.h">
      <Filter>Header Files\States</Filter>
    </ClInclude>
    <ClInclude Include="include\GdiFigures.h">
      <Filter>Header Files\Utility</Filter>
    </ClInclude>
    <ClInclude Include="include\GdiUtility.h">
      <Filter>Header Files\Utility</Filter>
    </ClInclude>
    <ClInclude Include="include\ResourceUtility.h">
      <Filter>Header Files\Utility</Filter>
    </ClInclude>
    <ClInclude Include="resource.h">
      <Filter>Header Files</Filter>
    </ClInclude>
  </ItemGroup>
  <ItemGroup>
    <ResourceCompile Include="resources.rc">
      <Filter>Resource Files</Filter>
    </ResourceCompile>
  </ItemGroup>
  <ItemGroup>
    <ClCompile Include="src\BlokiWindow.cpp">
      <Filter>Source Files</Filter>
    </ClCompile>
    <ClCompile Include="src\main.cpp">
      <Filter>Source Files</Filter>
    </ClCompile>
    <ClCompile Include="src\Renderer.cpp">
      <Filter>Source Files</Filter>
    </ClCompile>
    <ClCompile Include="src\blokus\BlokiFactory.cpp">
      <Filter>Source Files\blokus</Filter>
    </ClCompile>
    <ClCompile Include="src\blokus\BlokiManager.cpp">
      <Filter>Source Files\blokus</Filter>
    </ClCompile>
    <ClCompile Include="src\blokus\Blokus.cpp">
      <Filter>Source Files\blokus</Filter>
    </ClCompile>
    <ClCompile Include="src\blokus\BlokusMatrix.cpp">
      <Filter>Source Files\blokus</Filter>
    </ClCompile>
    <ClCompile Include="src\blokus\NextBlokus.cpp">
      <Filter>Source Files\blokus</Filter>
    </ClCompile>
    <ClCompile Include="src\common\Input.cpp">
      <Filter>Source Files\common</Filter>
    </ClCompile>
    <ClCompile Include="src\common\Log.cpp">
      <Filter>Source Files\common</Filter>
    </ClCompile>
    <ClCompile Include="src\common\Window.cpp">
      <Filter>Source Files\common</Filter>
    </ClCompile>
    <ClCompile Include="src\features\Baro.cpp">
      <Filter>Source Files\features</Filter>
    </ClCompile>
    <ClCompile Include="src\features\Score.cpp">
      <Filter>Source Files\features</Filter>
    </ClCompile>
    <ClCompile Include="src\managers\GUIManager.cpp">
      <Filter>Source Files\managers</Filter>
    </ClCompile>
    <ClCompile Include="src\managers\StateManager.cpp">
      <Filter>Source Files\managers</Filter>
    </ClCompile>
    <ClCompile Include="src\states\GameState.cpp">
      <Filter>Source Files\states</Filter>
    </ClCompile>
    <ClCompile Include="src\states\HighscoresState.cpp">
      <Filter>Source Files\states</Filter>
    </ClCompile>
    <ClCompile Include="src\states\MainState.cpp">
      <Filter>Source Files\states</Filter>
    </ClCompile>
    <ClCompile Include="src\states\ShowHighscoresState.cpp">
      <Filter>Source Files\states</Filter>
    </ClCompile>
    <ClCompile Include="src\utilities\GdiFigures.cpp">
      <Filter>Source Files\utilities</Filter>
    </ClCompile>
  </ItemGroup>
  <ItemGroup>
    <None Include="README.md" />
  </ItemGroup>
</Project>