<?xml version="1.0" encoding="utf-8"?>
<Project ToolsVersion="4.0" xmlns="http://schemas.microsoft.com/developer/msbuild/2003">
  <ItemGroup>
    <Filter Include="Source Files">
      <UniqueIdentifier>{4FC737F1-C7A5-4376-A066-2A32D752A2FF}</UniqueIdentifier>
      <Extensions>cpp;c;cc;cxx;def;odl;idl;hpj;bat;asm;asmx</Extensions>
    </Filter>
    <Filter Include="Source Files\Common">
      <UniqueIdentifier>{9c742746-3041-4f3c-82bd-4c836859f96f}</UniqueIdentifier>
    </Filter>
    <Filter Include="Source Files\Blokus">
      <UniqueIdentifier>{eee74958-6759-4ff9-b97e-2457edf63df1}</UniqueIdentifier>
    </Filter>
    <Filter Include="Source Files\Managers">
      <UniqueIdentifier>{19fe40a5-a529-4f76-b4a0-68a9d8b269ef}</UniqueIdentifier>
    </Filter>
    <Filter Include="Source Files\States">
      <UniqueIdentifier>{4afa0f6e-0424-44b0-b6ec-36356c7e9e74}</UniqueIdentifier>
    </Filter>
    <Filter Include="Source Files\Features">
      <UniqueIdentifier>{9691bc6a-4554-4460-aabc-059ce79ca62f}</UniqueIdentifier>
    </Filter>
    <Filter Include="Source Files\Utility">
      <UniqueIdentifier>{e1f7b3a8-b586-4cf7-8d58-95d0e45b7522}</UniqueIdentifier>
    </Filter>
    <Filter Include="Header Files">
      <UniqueIdentifier>{93995380-89BD-4b04-88EB-625FBE52EBFB}</UniqueIdentifier>
      <Extensions>h;hpp;hxx;hm;inl;inc;xsd</Extensions>
    </Filter>
    <Filter Include="Header Files\Common">
      <UniqueIdentifier>{54ba2aaf-1167-42a2-a5a2-3b74112be1bd}</UniqueIdentifier>
    </Filter>
    <Filter Include="Header Files\Blokus">
      <UniqueIdentifier>{440fefee-1773-4b4d-a898-3f77bbb1ff20}</UniqueIdentifier>
    </Filter>
    <Filter Include="Header Files\Managers">
      <UniqueIdentifier>{c81006fd-edfc-4132-a853-8e701e0105b7}</UniqueIdentifier>
    </Filter>
    <Filter Include="Header Files\States">
      <UniqueIdentifier>{6fa8bd14-09d5-43c0-a5e8-4e68e87942ff}</UniqueIdentifier>
    </Filter>
    <Filter Include="Header Files\Features">
      <UniqueIdentifier>{f97c2cd0-f9c5-43f3-be97-f54ae1de3d6b}</UniqueIdentifier>
    </Filter>
    <Filter Include="Header Files\Utility">
      <UniqueIdentifier>{1f76bd68-bca4-43fd-9a95-e5eb378704e6}</UniqueIdentifier>
    </Filter>
    <Filter Include="Resource Files">
      <UniqueIdentifier>{67DA6AB6-F800-4c08-8B7A-83BB121AAD01}</UniqueIdentifier>
      <Extensions>rc;ico;cur;bmp;dlg;rc2;rct;bin;rgs;gif;jpg;jpeg;jpe;resx;tiff;tif;png;wav</Extensions>
    </Filter>
  </ItemGroup>
  <ItemGroup>
    <ClCompile Include="BlokiWindow.cpp">
      <Filter>Source Files</Filter>
    </ClCompile>
    <ClCompile Include="main.cpp">
      <Filter>Source Files</Filter>
    </ClCompile>
    <ClCompile Include="Renderer.cpp">
      <Filter>Source Files</Filter>
    </ClCompile>
    <ClCompile Include="Input.cpp">
      <Filter>Source Files\Common</Filter>
    </ClCompile>
    <ClCompile Include="Log.cpp">
      <Filter>Source Files\Common</Filter>
    </ClCompile>
    <ClCompile Include="Window.cpp">
      <Filter>Source Files\Common</Filter>
    </ClCompile>
    <ClCompile Include="BlokiFactory.cpp">
      <Filter>Source Files\Blokus</Filter>
    </ClCompile>
    <ClCompile Include="BlokiManager.cpp">
      <Filter>Source Files\Blokus</Filter>
    </ClCompile>
    <ClCompile Include="Blokus.cpp">
      <Filter>Source Files\Blokus</Filter>
    </ClCompile>
    <ClCompile Include="BlokusMatrix.cpp">
      <Filter>Source Files\Blokus</Filter>
    </ClCompile>
    <ClCompile Include="NextBlokus.cpp">
      <Filter>Source Files\Blokus</Filter>
    </ClCompile>
    <ClCompile Include="GUIManager.cpp">
      <Filter>Source Files\Managers</Filter>
    </ClCompile>
    <ClCompile Include="StateManager.cpp">
      <Filter>Source Files\Managers</Filter>
    </ClCompile>
    <ClCompile Include="GameState.cpp">
      <Filter>Source Files\States</Filter>
    </ClCompile>
    <ClCompile Include="HighscoresState.cpp">
      <Filter>Source Files\States</Filter>
    </ClCompile>
    <ClCompile Include="MainState.cpp">
      <Filter>Source Files\States</Filter>
    </ClCompile>
    <ClCompile Include="ShowHighscoresState.cpp">
      <Filter>Source Files\States</Filter>
    </ClCompile>
    <ClCompile Include="Baro.cpp">
      <Filter>Source Files\Features</Filter>
    </ClCompile>
    <ClCompile Include="Score.cpp">
      <Filter>Source Files\Features</Filter>
    </ClCompile>
    <ClCompile Include="GdiFigures.cpp">
      <Filter>Source Files\Utility</Filter>
    </ClCompile>
  </ItemGroup>
  <ItemGroup>
    <ClInclude Include="BlokiWindow.h">
      <Filter>Header Files</Filter>
    </ClInclude>
    <ClInclude Include="Renderer.h">
      <Filter>Header Files</Filter>
    </ClInclude>
    <ClInclude Include="resources.h">
      <Filter>Header Files</Filter>
    </ClInclude>
    <ClInclude Include="Utility.h">
      <Filter>Header Files</Filter>
    </ClInclude>
    <ClInclude Include="Exception.h">
      <Filter>Header Files\Common</Filter>
    </ClInclude>
    <ClInclude Include="Input.h">
      <Filter>Header Files\Common</Filter>
    </ClInclude>
    <ClInclude Include="Log.h">
      <Filter>Header Files\Common</Filter>
    </ClInclude>
    <ClInclude Include="Ludos.h">
      <Filter>Header Files\Common</Filter>
    </ClInclude>
    <ClInclude Include="Window.h">
      <Filter>Header Files\Common</Filter>
    </ClInclude>
    <ClInclude Include="BlokiFactory.h">
      <Filter>Header Files\Blokus</Filter>
    </ClInclude>
    <ClInclude Include="BlokiManager.h">
      <Filter>Header Files\Blokus</Filter>
    </ClInclude>
    <ClInclude Include="Blokus.h">
      <Filter>Header Files\Blokus</Filter>
    </ClInclude>
    <ClInclude Include="BlokusMatrix.h">
      <Filter>Header Files\Blokus</Filter>
    </ClInclude>
    <ClInclude Include="NextBlokus.h">
      <Filter>Header Files\Blokus</Filter>
    </ClInclude>
    <ClInclude Include="GUIManager.h">
      <Filter>Header Files\Managers</Filter>
    </ClInclude>
    <ClInclude Include="StateManager.h">
      <Filter>Header Files\Managers</Filter>
    </ClInclude>
    <ClInclude Include="GameState.h">
      <Filter>Header Files\States</Filter>
    </ClInclude>
    <ClInclude Include="HighscoresState.h">
      <Filter>Header Files\States</Filter>
    </ClInclude>
    <ClInclude Include="MainState.h">
      <Filter>Header Files\States</Filter>
    </ClInclude>
    <ClInclude Include="ShowHighscoresState.h">
      <Filter>Header Files\States</Filter>
    </ClInclude>
    <ClInclude Include="Baro.h">
      <Filter>Header Files\Features</Filter>
    </ClInclude>
    <ClInclude Include="Score.h">
      <Filter>Header Files\Features</Filter>
    </ClInclude>
    <ClInclude Include="GdiFigures.h">
      <Filter>Header Files\Utility</Filter>
    </ClInclude>
    <ClInclude Include="GdiUtility.h">
      <Filter>Header Files\Utility</Filter>
    </ClInclude>
    <ClInclude Include="ResourceUtility.h">
      <Filter>Header Files\Utility</Filter>
    </ClInclude>
  </ItemGroup>
  <ItemGroup>
    <ResourceCompile Include="resources.rc">
      <Filter>Resource Files</Filter>
    </ResourceCompile>
  </ItemGroup>
</Project>